// !$*UTF8*$!
{
	archiveVersion = 1;
	classes = {
	};
	objectVersion = 46;
	objects = {

/* Begin PBXBuildFile section */
		2E0E94D31EE34FD3003D85E8 /* PuzzleViewController.xib in Resources */ = {isa = PBXBuildFile; fileRef = 2E0E94D21EE34FD3003D85E8 /* PuzzleViewController.xib */; };
		2E0E94D81EE371E5003D85E8 /* PuzzlePresenter.m in Sources */ = {isa = PBXBuildFile; fileRef = 2E0E94D71EE371E5003D85E8 /* PuzzlePresenter.m */; };
		2E0E94E41EE37395003D85E8 /* DownloadManager.m in Sources */ = {isa = PBXBuildFile; fileRef = 2E0E94E31EE37395003D85E8 /* DownloadManager.m */; };
		2E0E94F31EE37845003D85E8 /* BoardPuzzleModel.m in Sources */ = {isa = PBXBuildFile; fileRef = 2E0E94F01EE37845003D85E8 /* BoardPuzzleModel.m */; };
		2E0E94F41EE37845003D85E8 /* PuzzlePart.m in Sources */ = {isa = PBXBuildFile; fileRef = 2E0E94F21EE37845003D85E8 /* PuzzlePart.m */; };
		2E0E94F71EE37AE5003D85E8 /* PuzzleViewModel.m in Sources */ = {isa = PBXBuildFile; fileRef = 2E0E94F61EE37AE5003D85E8 /* PuzzleViewModel.m */; };
		2E0E94FE1EE38C0C003D85E8 /* GameManager.m in Sources */ = {isa = PBXBuildFile; fileRef = 2E0E94FD1EE38C0C003D85E8 /* GameManager.m */; };
		2E0E95041EE5602A003D85E8 /* LoadingView.m in Sources */ = {isa = PBXBuildFile; fileRef = 2E0E95031EE5602A003D85E8 /* LoadingView.m */; };
		2E0E95071EE56041003D85E8 /* StartGameView.m in Sources */ = {isa = PBXBuildFile; fileRef = 2E0E95061EE56041003D85E8 /* StartGameView.m */; };
		2E0E95091EE56141003D85E8 /* LoadingView.xib in Resources */ = {isa = PBXBuildFile; fileRef = 2E0E95081EE56141003D85E8 /* LoadingView.xib */; };
		2E0E950B1EE56257003D85E8 /* StartGameView.xib in Resources */ = {isa = PBXBuildFile; fileRef = 2E0E950A1EE56257003D85E8 /* StartGameView.xib */; };
		2E0E950E1EE5F499003D85E8 /* Helper.m in Sources */ = {isa = PBXBuildFile; fileRef = 2E0E950D1EE5F499003D85E8 /* Helper.m */; };
		2E1516A31EE34A9E00AE426F /* iOSPuzzleGameTests.m in Sources */ = {isa = PBXBuildFile; fileRef = 2E1516A21EE34A9E00AE426F /* iOSPuzzleGameTests.m */; };
		2E3ABB5C1EE34E9C00E152F8 /* AppDelegate.m in Sources */ = {isa = PBXBuildFile; fileRef = 2E3ABB4F1EE34E9C00E152F8 /* AppDelegate.m */; };
		2E3ABB5D1EE34E9C00E152F8 /* main.m in Sources */ = {isa = PBXBuildFile; fileRef = 2E3ABB501EE34E9C00E152F8 /* main.m */; };
		2E3ABB5E1EE34E9C00E152F8 /* PuzzleViewController.m in Sources */ = {isa = PBXBuildFile; fileRef = 2E3ABB5B1EE34E9C00E152F8 /* PuzzleViewController.m */; };
		2E3ABB671EE34EBF00E152F8 /* Assets.xcassets in Resources */ = {isa = PBXBuildFile; fileRef = 2E3ABB611EE34EBF00E152F8 /* Assets.xcassets */; };
		2E3ABB681EE34EBF00E152F8 /* LaunchScreen.storyboard in Resources */ = {isa = PBXBuildFile; fileRef = 2E3ABB631EE34EBF00E152F8 /* LaunchScreen.storyboard */; };
		2E3ABB691EE34EBF00E152F8 /* Main.storyboard in Resources */ = {isa = PBXBuildFile; fileRef = 2E3ABB651EE34EBF00E152F8 /* Main.storyboard */; };
		DA5324040671661732A49722 /* GameConfig.m in Sources */ = {isa = PBXBuildFile; fileRef = DA50E8CD1374FCB6586EE896 /* GameConfig.m */; };
		DA5FB6F50A79365430C9F0DB /* BoardPuzzleModelBuilder.m in Sources */ = {isa = PBXBuildFile; fileRef = DA503131FA00C4B2962DC0EE /* BoardPuzzleModelBuilder.m */; };
/* End PBXBuildFile section */

/* Begin PBXContainerItemProxy section */
		2E15169F1EE34A9E00AE426F /* PBXContainerItemProxy */ = {
			isa = PBXContainerItemProxy;
			containerPortal = 2E15167D1EE34A9E00AE426F /* Project object */;
			proxyType = 1;
			remoteGlobalIDString = 2E1516841EE34A9E00AE426F;
			remoteInfo = iOSPuzzleGame;
		};
/* End PBXContainerItemProxy section */

/* Begin PBXFileReference section */
		2E0E94D21EE34FD3003D85E8 /* PuzzleViewController.xib */ = {isa = PBXFileReference; fileEncoding = 4; lastKnownFileType = file.xib; path = PuzzleViewController.xib; sourceTree = "<group>"; };
		2E0E94D61EE371E5003D85E8 /* PuzzlePresenter.h */ = {isa = PBXFileReference; fileEncoding = 4; lastKnownFileType = sourcecode.c.h; path = PuzzlePresenter.h; sourceTree = "<group>"; };
		2E0E94D71EE371E5003D85E8 /* PuzzlePresenter.m */ = {isa = PBXFileReference; fileEncoding = 4; lastKnownFileType = sourcecode.c.objc; path = PuzzlePresenter.m; sourceTree = "<group>"; };
		2E0E94D91EE37201003D85E8 /* PuzzlePresenterInput.h */ = {isa = PBXFileReference; fileEncoding = 4; lastKnownFileType = sourcecode.c.h; path = PuzzlePresenterInput.h; sourceTree = "<group>"; };
		2E0E94DA1EE37216003D85E8 /* PuzzleViewInput.h */ = {isa = PBXFileReference; fileEncoding = 4; lastKnownFileType = sourcecode.c.h; path = PuzzleViewInput.h; sourceTree = "<group>"; };
		2E0E94DB1EE372C0003D85E8 /* PuzzleViewOutput.h */ = {isa = PBXFileReference; fileEncoding = 4; lastKnownFileType = sourcecode.c.h; path = PuzzleViewOutput.h; sourceTree = "<group>"; };
		2E0E94DE1EE37352003D85E8 /* DownloadManagerInput.h */ = {isa = PBXFileReference; fileEncoding = 4; lastKnownFileType = sourcecode.c.h; path = DownloadManagerInput.h; sourceTree = "<group>"; };
		2E0E94DF1EE37363003D85E8 /* DownloadManagerOutput.h */ = {isa = PBXFileReference; fileEncoding = 4; lastKnownFileType = sourcecode.c.h; path = DownloadManagerOutput.h; sourceTree = "<group>"; };
		2E0E94E21EE37395003D85E8 /* DownloadManager.h */ = {isa = PBXFileReference; fileEncoding = 4; lastKnownFileType = sourcecode.c.h; path = DownloadManager.h; sourceTree = "<group>"; };
		2E0E94E31EE37395003D85E8 /* DownloadManager.m */ = {isa = PBXFileReference; fileEncoding = 4; lastKnownFileType = sourcecode.c.objc; path = DownloadManager.m; sourceTree = "<group>"; };
		2E0E94E61EE373CC003D85E8 /* SplitImageServiceInput.h */ = {isa = PBXFileReference; fileEncoding = 4; lastKnownFileType = sourcecode.c.h; path = SplitImageServiceInput.h; sourceTree = "<group>"; };
		2E0E94E71EE373DB003D85E8 /* SplitImageOutput.h */ = {isa = PBXFileReference; fileEncoding = 4; lastKnownFileType = sourcecode.c.h; path = SplitImageOutput.h; sourceTree = "<group>"; };
		2E0E94EF1EE37845003D85E8 /* BoardPuzzleModel.h */ = {isa = PBXFileReference; fileEncoding = 4; lastKnownFileType = sourcecode.c.h; path = BoardPuzzleModel.h; sourceTree = "<group>"; };
		2E0E94F01EE37845003D85E8 /* BoardPuzzleModel.m */ = {isa = PBXFileReference; fileEncoding = 4; lastKnownFileType = sourcecode.c.objc; path = BoardPuzzleModel.m; sourceTree = "<group>"; };
		2E0E94F11EE37845003D85E8 /* PuzzlePart.h */ = {isa = PBXFileReference; fileEncoding = 4; lastKnownFileType = sourcecode.c.h; path = PuzzlePart.h; sourceTree = "<group>"; };
		2E0E94F21EE37845003D85E8 /* PuzzlePart.m */ = {isa = PBXFileReference; fileEncoding = 4; lastKnownFileType = sourcecode.c.objc; path = PuzzlePart.m; sourceTree = "<group>"; };
		2E0E94F51EE37AE5003D85E8 /* PuzzleViewModel.h */ = {isa = PBXFileReference; fileEncoding = 4; lastKnownFileType = sourcecode.c.h; path = PuzzleViewModel.h; sourceTree = "<group>"; };
		2E0E94F61EE37AE5003D85E8 /* PuzzleViewModel.m */ = {isa = PBXFileReference; fileEncoding = 4; lastKnownFileType = sourcecode.c.objc; path = PuzzleViewModel.m; sourceTree = "<group>"; };
		2E0E94FB1EE38BFE003D85E8 /* GameManagerInput.h */ = {isa = PBXFileReference; fileEncoding = 4; lastKnownFileType = sourcecode.c.h; path = GameManagerInput.h; sourceTree = "<group>"; };
		2E0E94FC1EE38C0C003D85E8 /* GameManager.h */ = {isa = PBXFileReference; fileEncoding = 4; lastKnownFileType = sourcecode.c.h; path = GameManager.h; sourceTree = "<group>"; };
		2E0E94FD1EE38C0C003D85E8 /* GameManager.m */ = {isa = PBXFileReference; fileEncoding = 4; lastKnownFileType = sourcecode.c.objc; path = GameManager.m; sourceTree = "<group>"; };
		2E0E94FF1EE38E4C003D85E8 /* Constants.h */ = {isa = PBXFileReference; lastKnownFileType = sourcecode.c.h; path = Constants.h; sourceTree = "<group>"; };
		2E0E95021EE5602A003D85E8 /* LoadingView.h */ = {isa = PBXFileReference; fileEncoding = 4; lastKnownFileType = sourcecode.c.h; path = LoadingView.h; sourceTree = "<group>"; };
		2E0E95031EE5602A003D85E8 /* LoadingView.m */ = {isa = PBXFileReference; fileEncoding = 4; lastKnownFileType = sourcecode.c.objc; path = LoadingView.m; sourceTree = "<group>"; };
		2E0E95051EE56041003D85E8 /* StartGameView.h */ = {isa = PBXFileReference; fileEncoding = 4; lastKnownFileType = sourcecode.c.h; path = StartGameView.h; sourceTree = "<group>"; };
		2E0E95061EE56041003D85E8 /* StartGameView.m */ = {isa = PBXFileReference; fileEncoding = 4; lastKnownFileType = sourcecode.c.objc; path = StartGameView.m; sourceTree = "<group>"; };
		2E0E95081EE56141003D85E8 /* LoadingView.xib */ = {isa = PBXFileReference; fileEncoding = 4; lastKnownFileType = file.xib; path = LoadingView.xib; sourceTree = "<group>"; };
		2E0E950A1EE56257003D85E8 /* StartGameView.xib */ = {isa = PBXFileReference; fileEncoding = 4; lastKnownFileType = file.xib; path = StartGameView.xib; sourceTree = "<group>"; };
		2E0E950C1EE5F499003D85E8 /* Helper.h */ = {isa = PBXFileReference; fileEncoding = 4; lastKnownFileType = sourcecode.c.h; path = Helper.h; sourceTree = "<group>"; };
		2E0E950D1EE5F499003D85E8 /* Helper.m */ = {isa = PBXFileReference; fileEncoding = 4; lastKnownFileType = sourcecode.c.objc; path = Helper.m; sourceTree = "<group>"; };
		2E0E950F1EE5F501003D85E8 /* iOSPuzzleGame-Prefix.pch */ = {isa = PBXFileReference; lastKnownFileType = sourcecode.c.h; path = "iOSPuzzleGame-Prefix.pch"; sourceTree = "<group>"; };
		2E1516851EE34A9E00AE426F /* iOSPuzzleGame.app */ = {isa = PBXFileReference; explicitFileType = wrapper.application; includeInIndex = 0; path = iOSPuzzleGame.app; sourceTree = BUILT_PRODUCTS_DIR; };
		2E1516991EE34A9E00AE426F /* Info.plist */ = {isa = PBXFileReference; lastKnownFileType = text.plist.xml; path = Info.plist; sourceTree = "<group>"; };
		2E15169E1EE34A9E00AE426F /* iOSPuzzleGameTests.xctest */ = {isa = PBXFileReference; explicitFileType = wrapper.cfbundle; includeInIndex = 0; path = iOSPuzzleGameTests.xctest; sourceTree = BUILT_PRODUCTS_DIR; };
		2E1516A21EE34A9E00AE426F /* iOSPuzzleGameTests.m */ = {isa = PBXFileReference; lastKnownFileType = sourcecode.c.objc; path = iOSPuzzleGameTests.m; sourceTree = "<group>"; };
		2E1516A41EE34A9E00AE426F /* Info.plist */ = {isa = PBXFileReference; lastKnownFileType = text.plist.xml; path = Info.plist; sourceTree = "<group>"; };
		2E3ABB4E1EE34E9C00E152F8 /* AppDelegate.h */ = {isa = PBXFileReference; fileEncoding = 4; lastKnownFileType = sourcecode.c.h; path = AppDelegate.h; sourceTree = "<group>"; };
		2E3ABB4F1EE34E9C00E152F8 /* AppDelegate.m */ = {isa = PBXFileReference; fileEncoding = 4; lastKnownFileType = sourcecode.c.objc; path = AppDelegate.m; sourceTree = "<group>"; };
		2E3ABB501EE34E9C00E152F8 /* main.m */ = {isa = PBXFileReference; fileEncoding = 4; lastKnownFileType = sourcecode.c.objc; name = main.m; path = src/Application/main.m; sourceTree = "<group>"; };
		2E3ABB5A1EE34E9C00E152F8 /* PuzzleViewController.h */ = {isa = PBXFileReference; fileEncoding = 4; lastKnownFileType = sourcecode.c.h; path = PuzzleViewController.h; sourceTree = "<group>"; };
		2E3ABB5B1EE34E9C00E152F8 /* PuzzleViewController.m */ = {isa = PBXFileReference; fileEncoding = 4; lastKnownFileType = sourcecode.c.objc; path = PuzzleViewController.m; sourceTree = "<group>"; };
		2E3ABB611EE34EBF00E152F8 /* Assets.xcassets */ = {isa = PBXFileReference; lastKnownFileType = folder.assetcatalog; path = Assets.xcassets; sourceTree = "<group>"; };
		2E3ABB641EE34EBF00E152F8 /* Base */ = {isa = PBXFileReference; lastKnownFileType = file.storyboard; name = Base; path = Base.lproj/LaunchScreen.storyboard; sourceTree = "<group>"; };
		2E3ABB661EE34EBF00E152F8 /* Base */ = {isa = PBXFileReference; lastKnownFileType = file.storyboard; name = Base; path = Base.lproj/Main.storyboard; sourceTree = "<group>"; };
		DA503131FA00C4B2962DC0EE /* BoardPuzzleModelBuilder.m */ = {isa = PBXFileReference; fileEncoding = 4; lastKnownFileType = sourcecode.c.objc; path = BoardPuzzleModelBuilder.m; sourceTree = "<group>"; };
		DA50E8CD1374FCB6586EE896 /* GameConfig.m */ = {isa = PBXFileReference; fileEncoding = 4; lastKnownFileType = sourcecode.c.objc; path = GameConfig.m; sourceTree = "<group>"; };
		DA51E86D0281F43C9A4B86DD /* GameConfig.h */ = {isa = PBXFileReference; fileEncoding = 4; lastKnownFileType = sourcecode.c.h; path = GameConfig.h; sourceTree = "<group>"; };
		DA5F98501E42FF14100A5C1E /* BoardPuzzleModelBuilder.h */ = {isa = PBXFileReference; fileEncoding = 4; lastKnownFileType = sourcecode.c.h; path = BoardPuzzleModelBuilder.h; sourceTree = "<group>"; };
/* End PBXFileReference section */

/* Begin PBXFrameworksBuildPhase section */
		2E1516821EE34A9E00AE426F /* Frameworks */ = {
			isa = PBXFrameworksBuildPhase;
			buildActionMask = 2147483647;
			files = (
			);
			runOnlyForDeploymentPostprocessing = 0;
		};
		2E15169B1EE34A9E00AE426F /* Frameworks */ = {
			isa = PBXFrameworksBuildPhase;
			buildActionMask = 2147483647;
			files = (
			);
			runOnlyForDeploymentPostprocessing = 0;
		};
/* End PBXFrameworksBuildPhase section */

/* Begin PBXGroup section */
		2E0E94D41EE371B6003D85E8 /* model */ = {
			isa = PBXGroup;
			children = (
				2E0E94F51EE37AE5003D85E8 /* PuzzleViewModel.h */,
				2E0E94F61EE37AE5003D85E8 /* PuzzleViewModel.m */,
			);
			path = model;
			sourceTree = "<group>";
		};
		2E0E94D51EE371B6003D85E8 /* presenter */ = {
			isa = PBXGroup;
			children = (
				2E0E94D61EE371E5003D85E8 /* PuzzlePresenter.h */,
				2E0E94D71EE371E5003D85E8 /* PuzzlePresenter.m */,
				2E0E94D91EE37201003D85E8 /* PuzzlePresenterInput.h */,
			);
			path = presenter;
			sourceTree = "<group>";
		};
		2E0E94DC1EE3731E003D85E8 /* DownloadManager */ = {
			isa = PBXGroup;
			children = (
				2E0E94E11EE37388003D85E8 /* Implementation */,
				2E0E94DE1EE37352003D85E8 /* DownloadManagerInput.h */,
				2E0E94DF1EE37363003D85E8 /* DownloadManagerOutput.h */,
			);
			path = DownloadManager;
			sourceTree = "<group>";
		};
		2E0E94DD1EE3731E003D85E8 /* SplitImageService */ = {
			isa = PBXGroup;
			children = (
				2E0E94E51EE373B9003D85E8 /* Implementation */,
				2E0E94E61EE373CC003D85E8 /* SplitImageServiceInput.h */,
				2E0E94E71EE373DB003D85E8 /* SplitImageOutput.h */,
			);
			path = SplitImageService;
			sourceTree = "<group>";
		};
		2E0E94E11EE37388003D85E8 /* Implementation */ = {
			isa = PBXGroup;
			children = (
				2E0E94E21EE37395003D85E8 /* DownloadManager.h */,
				2E0E94E31EE37395003D85E8 /* DownloadManager.m */,
			);
			path = Implementation;
			sourceTree = "<group>";
		};
		2E0E94E51EE373B9003D85E8 /* Implementation */ = {
			isa = PBXGroup;
			children = (
			);
			path = Implementation;
			sourceTree = "<group>";
		};
		2E0E94EB1EE3752A003D85E8 /* Model */ = {
			isa = PBXGroup;
			children = (
				2E0E94EF1EE37845003D85E8 /* BoardPuzzleModel.h */,
				2E0E94F01EE37845003D85E8 /* BoardPuzzleModel.m */,
				2E0E94F11EE37845003D85E8 /* PuzzlePart.h */,
				2E0E94F21EE37845003D85E8 /* PuzzlePart.m */,
				DA503131FA00C4B2962DC0EE /* BoardPuzzleModelBuilder.m */,
				DA5F98501E42FF14100A5C1E /* BoardPuzzleModelBuilder.h */,
				DA50E8CD1374FCB6586EE896 /* GameConfig.m */,
				DA51E86D0281F43C9A4B86DD /* GameConfig.h */,
			);
			path = Model;
			sourceTree = "<group>";
		};
		2E0E94F81EE38B8A003D85E8 /* BusinessLogic */ = {
			isa = PBXGroup;
			children = (
				2E0E94F91EE38B96003D85E8 /* GameManager */,
			);
			path = BusinessLogic;
			sourceTree = "<group>";
		};
		2E0E94F91EE38B96003D85E8 /* GameManager */ = {
			isa = PBXGroup;
			children = (
				2E0E94FA1EE38BB4003D85E8 /* Implementation */,
				2E0E94FB1EE38BFE003D85E8 /* GameManagerInput.h */,
			);
			path = GameManager;
			sourceTree = "<group>";
		};
		2E0E94FA1EE38BB4003D85E8 /* Implementation */ = {
			isa = PBXGroup;
			children = (
				2E0E94FC1EE38C0C003D85E8 /* GameManager.h */,
				2E0E94FD1EE38C0C003D85E8 /* GameManager.m */,
			);
			path = Implementation;
			sourceTree = "<group>";
		};
		2E0E95001EE55FFA003D85E8 /* StartGameView */ = {
			isa = PBXGroup;
			children = (
				2E0E95051EE56041003D85E8 /* StartGameView.h */,
				2E0E95061EE56041003D85E8 /* StartGameView.m */,
				2E0E950A1EE56257003D85E8 /* StartGameView.xib */,
			);
			path = StartGameView;
			sourceTree = "<group>";
		};
		2E0E95011EE56001003D85E8 /* LoadingView */ = {
			isa = PBXGroup;
			children = (
				2E0E95021EE5602A003D85E8 /* LoadingView.h */,
				2E0E95031EE5602A003D85E8 /* LoadingView.m */,
				2E0E95081EE56141003D85E8 /* LoadingView.xib */,
			);
			path = LoadingView;
			sourceTree = "<group>";
		};
		2E15167C1EE34A9E00AE426F = {
			isa = PBXGroup;
			children = (
				2E1516871EE34A9E00AE426F /* iOSPuzzleGame */,
				2E1516A11EE34A9E00AE426F /* iOSPuzzleGameTests */,
				2E1516861EE34A9E00AE426F /* Products */,
			);
			sourceTree = "<group>";
		};
		2E1516861EE34A9E00AE426F /* Products */ = {
			isa = PBXGroup;
			children = (
				2E1516851EE34A9E00AE426F /* iOSPuzzleGame.app */,
				2E15169E1EE34A9E00AE426F /* iOSPuzzleGameTests.xctest */,
			);
			name = Products;
			sourceTree = "<group>";
		};
		2E1516871EE34A9E00AE426F /* iOSPuzzleGame */ = {
			isa = PBXGroup;
			children = (
				2E3ABB5F1EE34EBF00E152F8 /* resources */,
				2E3ABB4B1EE34E9C00E152F8 /* src */,
				2E1516881EE34A9E00AE426F /* Supporting Files */,
			);
			path = iOSPuzzleGame;
			sourceTree = "<group>";
		};
		2E1516881EE34A9E00AE426F /* Supporting Files */ = {
			isa = PBXGroup;
			children = (
				2E1516991EE34A9E00AE426F /* Info.plist */,
				2E3ABB501EE34E9C00E152F8 /* main.m */,
			);
			name = "Supporting Files";
			sourceTree = "<group>";
		};
		2E1516A11EE34A9E00AE426F /* iOSPuzzleGameTests */ = {
			isa = PBXGroup;
			children = (
				2E1516A21EE34A9E00AE426F /* iOSPuzzleGameTests.m */,
				2E1516A41EE34A9E00AE426F /* Info.plist */,
			);
			path = iOSPuzzleGameTests;
			sourceTree = "<group>";
		};
		2E3ABB4B1EE34E9C00E152F8 /* src */ = {
			isa = PBXGroup;
			children = (
				2E0E94F81EE38B8A003D85E8 /* BusinessLogic */,
				2E0E94EB1EE3752A003D85E8 /* Model */,
				2E3ABB4C1EE34E9C00E152F8 /* Application */,
				2E3ABB511EE34E9C00E152F8 /* Core */,
				2E3ABB561EE34E9C00E152F8 /* Presentation */,
			);
			path = src;
			sourceTree = "<group>";
		};
		2E3ABB4C1EE34E9C00E152F8 /* Application */ = {
			isa = PBXGroup;
			children = (
				2E3ABB4D1EE34E9C00E152F8 /* AppDelegate */,
			);
			path = Application;
			sourceTree = "<group>";
		};
		2E3ABB4D1EE34E9C00E152F8 /* AppDelegate */ = {
			isa = PBXGroup;
			children = (
				2E3ABB4E1EE34E9C00E152F8 /* AppDelegate.h */,
				2E3ABB4F1EE34E9C00E152F8 /* AppDelegate.m */,
			);
			path = AppDelegate;
			sourceTree = "<group>";
		};
		2E3ABB511EE34E9C00E152F8 /* Core */ = {
			isa = PBXGroup;
			children = (
				2E3ABB521EE34E9C00E152F8 /* Extensions */,
				2E3ABB531EE34E9C00E152F8 /* Helpers */,
				2E3ABB541EE34E9C00E152F8 /* Services */,
				2E3ABB551EE34E9C00E152F8 /* UI Components */,
			);
			path = Core;
			sourceTree = "<group>";
		};
		2E3ABB521EE34E9C00E152F8 /* Extensions */ = {
			isa = PBXGroup;
			children = (
			);
			path = Extensions;
			sourceTree = "<group>";
		};
		2E3ABB531EE34E9C00E152F8 /* Helpers */ = {
			isa = PBXGroup;
			children = (
				2E0E94FF1EE38E4C003D85E8 /* Constants.h */,
				2E0E950C1EE5F499003D85E8 /* Helper.h */,
				2E0E950D1EE5F499003D85E8 /* Helper.m */,
				2E0E950F1EE5F501003D85E8 /* iOSPuzzleGame-Prefix.pch */,
			);
			path = Helpers;
			sourceTree = "<group>";
		};
		2E3ABB541EE34E9C00E152F8 /* Services */ = {
			isa = PBXGroup;
			children = (
				2E0E94DC1EE3731E003D85E8 /* DownloadManager */,
				2E0E94DD1EE3731E003D85E8 /* SplitImageService */,
			);
			path = Services;
			sourceTree = "<group>";
		};
		2E3ABB551EE34E9C00E152F8 /* UI Components */ = {
			isa = PBXGroup;
			children = (
			);
			path = "UI Components";
			sourceTree = "<group>";
		};
		2E3ABB561EE34E9C00E152F8 /* Presentation */ = {
			isa = PBXGroup;
			children = (
				2E3ABB571EE34E9C00E152F8 /* User Story */,
			);
			path = Presentation;
			sourceTree = "<group>";
		};
		2E3ABB571EE34E9C00E152F8 /* User Story */ = {
			isa = PBXGroup;
			children = (
				2E3ABB581EE34E9C00E152F8 /* Puzzle */,
			);
			path = "User Story";
			sourceTree = "<group>";
		};
		2E3ABB581EE34E9C00E152F8 /* Puzzle */ = {
			isa = PBXGroup;
			children = (
				2E0E94D41EE371B6003D85E8 /* model */,
				2E0E94D51EE371B6003D85E8 /* presenter */,
				2E3ABB591EE34E9C00E152F8 /* view */,
			);
			path = Puzzle;
			sourceTree = "<group>";
		};
		2E3ABB591EE34E9C00E152F8 /* view */ = {
			isa = PBXGroup;
			children = (
				2E0E95011EE56001003D85E8 /* LoadingView */,
				2E0E95001EE55FFA003D85E8 /* StartGameView */,
				2E3ABB5A1EE34E9C00E152F8 /* PuzzleViewController.h */,
				2E3ABB5B1EE34E9C00E152F8 /* PuzzleViewController.m */,
				2E0E94D21EE34FD3003D85E8 /* PuzzleViewController.xib */,
				2E0E94DA1EE37216003D85E8 /* PuzzleViewInput.h */,
				2E0E94DB1EE372C0003D85E8 /* PuzzleViewOutput.h */,
			);
			path = view;
			sourceTree = "<group>";
		};
		2E3ABB5F1EE34EBF00E152F8 /* resources */ = {
			isa = PBXGroup;
			children = (
				2E3ABB601EE34EBF00E152F8 /* images */,
				2E3ABB621EE34EBF00E152F8 /* storyboards */,
			);
			path = resources;
			sourceTree = "<group>";
		};
		2E3ABB601EE34EBF00E152F8 /* images */ = {
			isa = PBXGroup;
			children = (
				2E3ABB611EE34EBF00E152F8 /* Assets.xcassets */,
			);
			path = images;
			sourceTree = "<group>";
		};
		2E3ABB621EE34EBF00E152F8 /* storyboards */ = {
			isa = PBXGroup;
			children = (
				2E3ABB631EE34EBF00E152F8 /* LaunchScreen.storyboard */,
				2E3ABB651EE34EBF00E152F8 /* Main.storyboard */,
			);
			path = storyboards;
			sourceTree = "<group>";
		};
/* End PBXGroup section */

/* Begin PBXNativeTarget section */
		2E1516841EE34A9E00AE426F /* iOSPuzzleGame */ = {
			isa = PBXNativeTarget;
			buildConfigurationList = 2E1516A71EE34A9E00AE426F /* Build configuration list for PBXNativeTarget "iOSPuzzleGame" */;
			buildPhases = (
				2E1516811EE34A9E00AE426F /* Sources */,
				2E1516821EE34A9E00AE426F /* Frameworks */,
				2E1516831EE34A9E00AE426F /* Resources */,
			);
			buildRules = (
			);
			dependencies = (
			);
			name = iOSPuzzleGame;
			productName = iOSPuzzleGame;
			productReference = 2E1516851EE34A9E00AE426F /* iOSPuzzleGame.app */;
			productType = "com.apple.product-type.application";
		};
		2E15169D1EE34A9E00AE426F /* iOSPuzzleGameTests */ = {
			isa = PBXNativeTarget;
			buildConfigurationList = 2E1516AA1EE34A9E00AE426F /* Build configuration list for PBXNativeTarget "iOSPuzzleGameTests" */;
			buildPhases = (
				2E15169A1EE34A9E00AE426F /* Sources */,
				2E15169B1EE34A9E00AE426F /* Frameworks */,
				2E15169C1EE34A9E00AE426F /* Resources */,
			);
			buildRules = (
			);
			dependencies = (
				2E1516A01EE34A9E00AE426F /* PBXTargetDependency */,
			);
			name = iOSPuzzleGameTests;
			productName = iOSPuzzleGameTests;
			productReference = 2E15169E1EE34A9E00AE426F /* iOSPuzzleGameTests.xctest */;
			productType = "com.apple.product-type.bundle.unit-test";
		};
/* End PBXNativeTarget section */

/* Begin PBXProject section */
		2E15167D1EE34A9E00AE426F /* Project object */ = {
			isa = PBXProject;
			attributes = {
				LastUpgradeCheck = 0830;
				ORGANIZATIONNAME = imacdev;
				TargetAttributes = {
					2E1516841EE34A9E00AE426F = {
						CreatedOnToolsVersion = 8.3.2;
						DevelopmentTeam = 5HRLMFUWVY;
						ProvisioningStyle = Automatic;
					};
					2E15169D1EE34A9E00AE426F = {
						CreatedOnToolsVersion = 8.3.2;
						DevelopmentTeam = 5HRLMFUWVY;
						ProvisioningStyle = Automatic;
						TestTargetID = 2E1516841EE34A9E00AE426F;
					};
				};
			};
			buildConfigurationList = 2E1516801EE34A9E00AE426F /* Build configuration list for PBXProject "iOSPuzzleGame" */;
			compatibilityVersion = "Xcode 3.2";
			developmentRegion = English;
			hasScannedForEncodings = 0;
			knownRegions = (
				en,
				Base,
			);
			mainGroup = 2E15167C1EE34A9E00AE426F;
			productRefGroup = 2E1516861EE34A9E00AE426F /* Products */;
			projectDirPath = "";
			projectRoot = "";
			targets = (
				2E1516841EE34A9E00AE426F /* iOSPuzzleGame */,
				2E15169D1EE34A9E00AE426F /* iOSPuzzleGameTests */,
			);
		};
/* End PBXProject section */

/* Begin PBXResourcesBuildPhase section */
		2E1516831EE34A9E00AE426F /* Resources */ = {
			isa = PBXResourcesBuildPhase;
			buildActionMask = 2147483647;
			files = (
				2E0E95091EE56141003D85E8 /* LoadingView.xib in Resources */,
				2E3ABB691EE34EBF00E152F8 /* Main.storyboard in Resources */,
				2E3ABB671EE34EBF00E152F8 /* Assets.xcassets in Resources */,
				2E0E94D31EE34FD3003D85E8 /* PuzzleViewController.xib in Resources */,
				2E3ABB681EE34EBF00E152F8 /* LaunchScreen.storyboard in Resources */,
				2E0E950B1EE56257003D85E8 /* StartGameView.xib in Resources */,
			);
			runOnlyForDeploymentPostprocessing = 0;
		};
		2E15169C1EE34A9E00AE426F /* Resources */ = {
			isa = PBXResourcesBuildPhase;
			buildActionMask = 2147483647;
			files = (
			);
			runOnlyForDeploymentPostprocessing = 0;
		};
/* End PBXResourcesBuildPhase section */

/* Begin PBXSourcesBuildPhase section */
		2E1516811EE34A9E00AE426F /* Sources */ = {
			isa = PBXSourcesBuildPhase;
			buildActionMask = 2147483647;
			files = (
				2E3ABB5E1EE34E9C00E152F8 /* PuzzleViewController.m in Sources */,
				2E0E95041EE5602A003D85E8 /* LoadingView.m in Sources */,
				2E3ABB5D1EE34E9C00E152F8 /* main.m in Sources */,
				2E0E95071EE56041003D85E8 /* StartGameView.m in Sources */,
				2E0E94F71EE37AE5003D85E8 /* PuzzleViewModel.m in Sources */,
				2E0E94F41EE37845003D85E8 /* PuzzlePart.m in Sources */,
				2E0E94FE1EE38C0C003D85E8 /* GameManager.m in Sources */,
				2E0E94D81EE371E5003D85E8 /* PuzzlePresenter.m in Sources */,
				2E0E94F31EE37845003D85E8 /* BoardPuzzleModel.m in Sources */,
				2E0E94E41EE37395003D85E8 /* DownloadManager.m in Sources */,
				2E3ABB5C1EE34E9C00E152F8 /* AppDelegate.m in Sources */,
				2E0E950E1EE5F499003D85E8 /* Helper.m in Sources */,
				DA5FB6F50A79365430C9F0DB /* BoardPuzzleModelBuilder.m in Sources */,
				DA5324040671661732A49722 /* GameConfig.m in Sources */,
			);
			runOnlyForDeploymentPostprocessing = 0;
		};
		2E15169A1EE34A9E00AE426F /* Sources */ = {
			isa = PBXSourcesBuildPhase;
			buildActionMask = 2147483647;
			files = (
				2E1516A31EE34A9E00AE426F /* iOSPuzzleGameTests.m in Sources */,
			);
			runOnlyForDeploymentPostprocessing = 0;
		};
/* End PBXSourcesBuildPhase section */

/* Begin PBXTargetDependency section */
		2E1516A01EE34A9E00AE426F /* PBXTargetDependency */ = {
			isa = PBXTargetDependency;
			target = 2E1516841EE34A9E00AE426F /* iOSPuzzleGame */;
			targetProxy = 2E15169F1EE34A9E00AE426F /* PBXContainerItemProxy */;
		};
/* End PBXTargetDependency section */

/* Begin PBXVariantGroup section */
		2E3ABB631EE34EBF00E152F8 /* LaunchScreen.storyboard */ = {
			isa = PBXVariantGroup;
			children = (
				2E3ABB641EE34EBF00E152F8 /* Base */,
			);
			name = LaunchScreen.storyboard;
			sourceTree = "<group>";
		};
		2E3ABB651EE34EBF00E152F8 /* Main.storyboard */ = {
			isa = PBXVariantGroup;
			children = (
				2E3ABB661EE34EBF00E152F8 /* Base */,
			);
			name = Main.storyboard;
			sourceTree = "<group>";
		};
/* End PBXVariantGroup section */

/* Begin XCBuildConfiguration section */
		2E1516A51EE34A9E00AE426F /* Debug */ = {
			isa = XCBuildConfiguration;
			buildSettings = {
				ALWAYS_SEARCH_USER_PATHS = NO;
				CLANG_ANALYZER_NONNULL = YES;
				CLANG_ANALYZER_NUMBER_OBJECT_CONVERSION = YES_AGGRESSIVE;
				CLANG_CXX_LANGUAGE_STANDARD = "gnu++0x";
				CLANG_CXX_LIBRARY = "libc++";
				CLANG_ENABLE_MODULES = YES;
				CLANG_ENABLE_OBJC_ARC = YES;
				CLANG_WARN_BOOL_CONVERSION = YES;
				CLANG_WARN_CONSTANT_CONVERSION = YES;
				CLANG_WARN_DIRECT_OBJC_ISA_USAGE = YES_ERROR;
				CLANG_WARN_DOCUMENTATION_COMMENTS = YES;
				CLANG_WARN_EMPTY_BODY = YES;
				CLANG_WARN_ENUM_CONVERSION = YES;
				CLANG_WARN_INFINITE_RECURSION = YES;
				CLANG_WARN_INT_CONVERSION = YES;
				CLANG_WARN_OBJC_ROOT_CLASS = YES_ERROR;
				CLANG_WARN_SUSPICIOUS_MOVE = YES;
				CLANG_WARN_UNREACHABLE_CODE = YES;
				CLANG_WARN__DUPLICATE_METHOD_MATCH = YES;
				"CODE_SIGN_IDENTITY[sdk=iphoneos*]" = "iPhone Developer";
				COPY_PHASE_STRIP = NO;
				DEBUG_INFORMATION_FORMAT = dwarf;
				ENABLE_STRICT_OBJC_MSGSEND = YES;
				ENABLE_TESTABILITY = YES;
				GCC_C_LANGUAGE_STANDARD = gnu99;
				GCC_DYNAMIC_NO_PIC = NO;
				GCC_NO_COMMON_BLOCKS = YES;
				GCC_OPTIMIZATION_LEVEL = 0;
				GCC_PREPROCESSOR_DEFINITIONS = (
					"DEBUG=1",
					"$(inherited)",
				);
				GCC_WARN_64_TO_32_BIT_CONVERSION = YES;
				GCC_WARN_ABOUT_RETURN_TYPE = YES_ERROR;
				GCC_WARN_UNDECLARED_SELECTOR = YES;
				GCC_WARN_UNINITIALIZED_AUTOS = YES_AGGRESSIVE;
				GCC_WARN_UNUSED_FUNCTION = YES;
				GCC_WARN_UNUSED_VARIABLE = YES;
				IPHONEOS_DEPLOYMENT_TARGET = 10.3;
				MTL_ENABLE_DEBUG_INFO = YES;
				ONLY_ACTIVE_ARCH = YES;
				SDKROOT = iphoneos;
				TARGETED_DEVICE_FAMILY = "1,2";
			};
			name = Debug;
		};
		2E1516A61EE34A9E00AE426F /* Release */ = {
			isa = XCBuildConfiguration;
			buildSettings = {
				ALWAYS_SEARCH_USER_PATHS = NO;
				CLANG_ANALYZER_NONNULL = YES;
				CLANG_ANALYZER_NUMBER_OBJECT_CONVERSION = YES_AGGRESSIVE;
				CLANG_CXX_LANGUAGE_STANDARD = "gnu++0x";
				CLANG_CXX_LIBRARY = "libc++";
				CLANG_ENABLE_MODULES = YES;
				CLANG_ENABLE_OBJC_ARC = YES;
				CLANG_WARN_BOOL_CONVERSION = YES;
				CLANG_WARN_CONSTANT_CONVERSION = YES;
				CLANG_WARN_DIRECT_OBJC_ISA_USAGE = YES_ERROR;
				CLANG_WARN_DOCUMENTATION_COMMENTS = YES;
				CLANG_WARN_EMPTY_BODY = YES;
				CLANG_WARN_ENUM_CONVERSION = YES;
				CLANG_WARN_INFINITE_RECURSION = YES;
				CLANG_WARN_INT_CONVERSION = YES;
				CLANG_WARN_OBJC_ROOT_CLASS = YES_ERROR;
				CLANG_WARN_SUSPICIOUS_MOVE = YES;
				CLANG_WARN_UNREACHABLE_CODE = YES;
				CLANG_WARN__DUPLICATE_METHOD_MATCH = YES;
				"CODE_SIGN_IDENTITY[sdk=iphoneos*]" = "iPhone Developer";
				COPY_PHASE_STRIP = NO;
				DEBUG_INFORMATION_FORMAT = "dwarf-with-dsym";
				ENABLE_NS_ASSERTIONS = NO;
				ENABLE_STRICT_OBJC_MSGSEND = YES;
				GCC_C_LANGUAGE_STANDARD = gnu99;
				GCC_NO_COMMON_BLOCKS = YES;
				GCC_WARN_64_TO_32_BIT_CONVERSION = YES;
				GCC_WARN_ABOUT_RETURN_TYPE = YES_ERROR;
				GCC_WARN_UNDECLARED_SELECTOR = YES;
				GCC_WARN_UNINITIALIZED_AUTOS = YES_AGGRESSIVE;
				GCC_WARN_UNUSED_FUNCTION = YES;
				GCC_WARN_UNUSED_VARIABLE = YES;
				IPHONEOS_DEPLOYMENT_TARGET = 10.3;
				MTL_ENABLE_DEBUG_INFO = NO;
				SDKROOT = iphoneos;
				TARGETED_DEVICE_FAMILY = "1,2";
				VALIDATE_PRODUCT = YES;
			};
			name = Release;
		};
		2E1516A81EE34A9E00AE426F /* Debug */ = {
			isa = XCBuildConfiguration;
			buildSettings = {
				ASSETCATALOG_COMPILER_APPICON_NAME = AppIcon;
				DEVELOPMENT_TEAM = 5HRLMFUWVY;
				GCC_PRECOMPILE_PREFIX_HEADER = YES;
				GCC_PREFIX_HEADER = "$(SRCROOT)/$(PROJECT_NAME)/src/Core/Helpers/iOSPuzzleGame-Prefix.pch";
				INFOPLIST_FILE = iOSPuzzleGame/Info.plist;
				LD_RUNPATH_SEARCH_PATHS = "$(inherited) @executable_path/Frameworks";
				PRODUCT_BUNDLE_IDENTIFIER = imacdev.iOSPuzzleGame;
				PRODUCT_NAME = "$(TARGET_NAME)";
			};
			name = Debug;
		};
		2E1516A91EE34A9E00AE426F /* Release */ = {
			isa = XCBuildConfiguration;
			buildSettings = {
				ASSETCATALOG_COMPILER_APPICON_NAME = AppIcon;
				DEVELOPMENT_TEAM = 5HRLMFUWVY;
				GCC_PRECOMPILE_PREFIX_HEADER = YES;
				GCC_PREFIX_HEADER = "$(SRCROOT)/$(PROJECT_NAME)/src/Core/Helpers/iOSPuzzleGame-Prefix.pch";
				INFOPLIST_FILE = iOSPuzzleGame/Info.plist;
				LD_RUNPATH_SEARCH_PATHS = "$(inherited) @executable_path/Frameworks";
				PRODUCT_BUNDLE_IDENTIFIER = imacdev.iOSPuzzleGame;
				PRODUCT_NAME = "$(TARGET_NAME)";
			};
			name = Release;
		};
		2E1516AB1EE34A9E00AE426F /* Debug */ = {
			isa = XCBuildConfiguration;
			buildSettings = {
				BUNDLE_LOADER = "$(TEST_HOST)";
				DEVELOPMENT_TEAM = 5HRLMFUWVY;
				INFOPLIST_FILE = iOSPuzzleGameTests/Info.plist;
				LD_RUNPATH_SEARCH_PATHS = "$(inherited) @executable_path/Frameworks @loader_path/Frameworks";
				PRODUCT_BUNDLE_IDENTIFIER = imacdev.iOSPuzzleGameTests;
				PRODUCT_NAME = "$(TARGET_NAME)";
				TEST_HOST = "$(BUILT_PRODUCTS_DIR)/iOSPuzzleGame.app/iOSPuzzleGame";
			};
			name = Debug;
		};
		2E1516AC1EE34A9E00AE426F /* Release */ = {
			isa = XCBuildConfiguration;
			buildSettings = {
				BUNDLE_LOADER = "$(TEST_HOST)";
				DEVELOPMENT_TEAM = 5HRLMFUWVY;
				INFOPLIST_FILE = iOSPuzzleGameTests/Info.plist;
				LD_RUNPATH_SEARCH_PATHS = "$(inherited) @executable_path/Frameworks @loader_path/Frameworks";
				PRODUCT_BUNDLE_IDENTIFIER = imacdev.iOSPuzzleGameTests;
				PRODUCT_NAME = "$(TARGET_NAME)";
				TEST_HOST = "$(BUILT_PRODUCTS_DIR)/iOSPuzzleGame.app/iOSPuzzleGame";
			};
			name = Release;
		};
/* End XCBuildConfiguration section */

/* Begin XCConfigurationList section */
		2E1516801EE34A9E00AE426F /* Build configuration list for PBXProject "iOSPuzzleGame" */ = {
			isa = XCConfigurationList;
			buildConfigurations = (
				2E1516A51EE34A9E00AE426F /* Debug */,
				2E1516A61EE34A9E00AE426F /* Release */,
			);
			defaultConfigurationIsVisible = 0;
			defaultConfigurationName = Release;
		};
		2E1516A71EE34A9E00AE426F /* Build configuration list for PBXNativeTarget "iOSPuzzleGame" */ = {
			isa = XCConfigurationList;
			buildConfigurations = (
				2E1516A81EE34A9E00AE426F /* Debug */,
				2E1516A91EE34A9E00AE426F /* Release */,
			);
			defaultConfigurationIsVisible = 0;
			defaultConfigurationName = Release;
		};
		2E1516AA1EE34A9E00AE426F /* Build configuration list for PBXNativeTarget "iOSPuzzleGameTests" */ = {
			isa = XCConfigurationList;
			buildConfigurations = (
				2E1516AB1EE34A9E00AE426F /* Debug */,
				2E1516AC1EE34A9E00AE426F /* Release */,
			);
			defaultConfigurationIsVisible = 0;
			defaultConfigurationName = Release;
		};
/* End XCConfigurationList section */
	};
	rootObject = 2E15167D1EE34A9E00AE426F /* Project object */;
}
